
Microsoft Visual Studio Solution File, Format Version 12.00
# Visual Studio Version 16
VisualStudioVersion = 16.0.30804.86
MinimumVisualStudioVersion = 10.0.40219.1
Project("{FAE04EC0-301F-11D3-BF4B-00C04F79EFBC}") = "Inventory", "Inventory\Inventory.csproj", "{D08C8CF6-A708-478A-A508-BDA245983D11}"
EndProject
Project("{FAE04EC0-301F-11D3-BF4B-00C04F79EFBC}") = "Inventory_Using_Overloading", "Inventory_Using_Overloading\Inventory_Using_Overloading.csproj", "{3CCEA017-1D2D-4548-9BF8-CBDA2AFC0736}"
EndProject
Project("{FAE04EC0-301F-11D3-BF4B-00C04F79EFBC}") = "Overloading_a_Constructor", "Overloading_a_Constructor\Overloading_a_Constructor.csproj", "{9434CF8C-8F42-4818-A4A7-F4551523A89E}"
EndProject
Global
	GlobalSection(SolutionConfigurationPlatforms) = preSolution
		Debug|Any CPU = Debug|Any CPU
		Release|Any CPU = Release|Any CPU
	EndGlobalSection
	GlobalSection(ProjectConfigurationPlatforms) = postSolution
		{D08C8CF6-A708-478A-A508-BDA245983D11}.Debug|Any CPU.ActiveCfg = Debug|Any CPU
		{D08C8CF6-A708-478A-A508-BDA245983D11}.Debug|Any CPU.Build.0 = Debug|Any CPU
		{D08C8CF6-A708-478A-A508-BDA245983D11}.Release|Any CPU.ActiveCfg = Release|Any CPU
		{D08C8CF6-A708-478A-A508-BDA245983D11}.Release|Any CPU.Build.0 = Release|Any CPU
		{3CCEA017-1D2D-4548-9BF8-CBDA2AFC0736}.Debug|Any CPU.ActiveCfg = Debug|Any CPU
		{3CCEA017-1D2D-4548-9BF8-CBDA2AFC0736}.Debug|Any CPU.Build.0 = Debug|Any CPU
		{3CCEA017-1D2D-4548-9BF8-CBDA2AFC0736}.Release|Any CPU.ActiveCfg = Release|Any CPU
		{3CCEA017-1D2D-4548-9BF8-CBDA2AFC0736}.Release|Any CPU.Build.0 = Release|Any CPU
		{9434CF8C-8F42-4818-A4A7-F4551523A89E}.Debug|Any CPU.ActiveCfg = Debug|Any CPU
		{9434CF8C-8F42-4818-A4A7-F4551523A89E}.Debug|Any CPU.Build.0 = Debug|Any CPU
		{9434CF8C-8F42-4818-A4A7-F4551523A89E}.Release|Any CPU.ActiveCfg = Release|Any CPU
		{9434CF8C-8F42-4818-A4A7-F4551523A89E}.Release|Any CPU.Build.0 = Release|Any CPU
	EndGlobalSection
	GlobalSection(SolutionProperties) = preSolution
		HideSolutionNode = FALSE
	EndGlobalSection
	GlobalSection(ExtensibilityGlobals) = postSolution
		SolutionGuid = {F7873A61-45A0-4E2F-9ABE-1F3D7C8FBD31}
	EndGlobalSection
EndGlobal
