
Microsoft Visual Studio Solution File, Format Version 12.00
# Visual Studio Version 16
VisualStudioVersion = 16.0.30804.86
MinimumVisualStudioVersion = 10.0.40219.1
Project("{FAE04EC0-301F-11D3-BF4B-00C04F79EFBC}") = "Company", "Company\Company.csproj", "{564EDF99-8243-4E2A-BD49-FD5F84895B10}"
EndProject
Project("{FAE04EC0-301F-11D3-BF4B-00C04F79EFBC}") = "Factory", "Factory\Factory.csproj", "{E19A7C3E-1773-43B8-949B-398EC3FBBA1A}"
EndProject
Project("{FAE04EC0-301F-11D3-BF4B-00C04F79EFBC}") = "Company2", "Company2\Company2.csproj", "{7A734885-72EF-4154-BFAE-365FFE971A2D}"
EndProject
Global
	GlobalSection(SolutionConfigurationPlatforms) = preSolution
		Debug|Any CPU = Debug|Any CPU
		Release|Any CPU = Release|Any CPU
	EndGlobalSection
	GlobalSection(ProjectConfigurationPlatforms) = postSolution
		{564EDF99-8243-4E2A-BD49-FD5F84895B10}.Debug|Any CPU.ActiveCfg = Debug|Any CPU
		{564EDF99-8243-4E2A-BD49-FD5F84895B10}.Debug|Any CPU.Build.0 = Debug|Any CPU
		{564EDF99-8243-4E2A-BD49-FD5F84895B10}.Release|Any CPU.ActiveCfg = Release|Any CPU
		{564EDF99-8243-4E2A-BD49-FD5F84895B10}.Release|Any CPU.Build.0 = Release|Any CPU
		{E19A7C3E-1773-43B8-949B-398EC3FBBA1A}.Debug|Any CPU.ActiveCfg = Debug|Any CPU
		{E19A7C3E-1773-43B8-949B-398EC3FBBA1A}.Debug|Any CPU.Build.0 = Debug|Any CPU
		{E19A7C3E-1773-43B8-949B-398EC3FBBA1A}.Release|Any CPU.ActiveCfg = Release|Any CPU
		{E19A7C3E-1773-43B8-949B-398EC3FBBA1A}.Release|Any CPU.Build.0 = Release|Any CPU
		{7A734885-72EF-4154-BFAE-365FFE971A2D}.Debug|Any CPU.ActiveCfg = Debug|Any CPU
		{7A734885-72EF-4154-BFAE-365FFE971A2D}.Debug|Any CPU.Build.0 = Debug|Any CPU
		{7A734885-72EF-4154-BFAE-365FFE971A2D}.Release|Any CPU.ActiveCfg = Release|Any CPU
		{7A734885-72EF-4154-BFAE-365FFE971A2D}.Release|Any CPU.Build.0 = Release|Any CPU
	EndGlobalSection
	GlobalSection(SolutionProperties) = preSolution
		HideSolutionNode = FALSE
	EndGlobalSection
	GlobalSection(ExtensibilityGlobals) = postSolution
		SolutionGuid = {2FB51632-57D1-49C2-8D8E-569259620199}
	EndGlobalSection
EndGlobal
